
Microsoft Visual Studio Solution File, Format Version 12.00
# Visual Studio Version 16
VisualStudioVersion = 16.0.31105.61
MinimumVisualStudioVersion = 10.0.40219.1
Project("{8BC9CEB8-8B4A-11D0-8D11-00A0C91BC942}") = "PBM_noCoupling_MSVS", "PBM_noCoupling_MSVS\PBM_noCoupling_MSVS.vcxproj", "{E534B63C-8679-40AB-BBE4-AC26B166D12F}"
EndProject
Global
	GlobalSection(SolutionConfigurationPlatforms) = preSolution
		Debug|x64 = Debug|x64
		Debug|x86 = Debug|x86
		Release|x64 = Release|x64
		Release|x86 = Release|x86
	EndGlobalSection
	GlobalSection(ProjectConfigurationPlatforms) = postSolution
		{E534B63C-8679-40AB-BBE4-AC26B166D12F}.Debug|x64.ActiveCfg = Debug|x64
		{E534B63C-8679-40AB-BBE4-AC26B166D12F}.Debug|x64.Build.0 = Debug|x64
		{E534B63C-8679-40AB-BBE4-AC26B166D12F}.Debug|x86.ActiveCfg = Debug|Win32
		{E534B63C-8679-40AB-BBE4-AC26B166D12F}.Debug|x86.Build.0 = Debug|Win32
		{E534B63C-8679-40AB-BBE4-AC26B166D12F}.Release|x64.ActiveCfg = Release|x64
		{E534B63C-8679-40AB-BBE4-AC26B166D12F}.Release|x64.Build.0 = Release|x64
		{E534B63C-8679-40AB-BBE4-AC26B166D12F}.Release|x86.ActiveCfg = Release|Win32
		{E534B63C-8679-40AB-BBE4-AC26B166D12F}.Release|x86.Build.0 = Release|Win32
	EndGlobalSection
	GlobalSection(SolutionProperties) = preSolution
		HideSolutionNode = FALSE
	EndGlobalSection
	GlobalSection(ExtensibilityGlobals) = postSolution
		SolutionGuid = {51310883-6134-423F-9EE0-683A72832CA7}
	EndGlobalSection
EndGlobal
